
Microsoft Visual Studio Solution File, Format Version 11.00
# Visual Studio 2010
Project("{FAE04EC0-301F-11D3-BF4B-00C04F79EFBC}") = "TicTacToe", "TicTacToe\TicTacToe\TicTacToe.csproj", "{3A224B39-16A9-438C-883C-12A59099C952}"
EndProject
Project("{96E2B04D-8817-42C6-938A-82C39BA4D311}") = "TicTacToeContent", "TicTacToe\TicTacToeContent\TicTacToeContent.contentproj", "{E59F433D-D9D5-4397-8709-C3D143D866EA}"
EndProject
Global
	GlobalSection(SolutionConfigurationPlatforms) = preSolution
		Debug|x86 = Debug|x86
		Release|x86 = Release|x86
	EndGlobalSection
	GlobalSection(ProjectConfigurationPlatforms) = postSolution
		{3A224B39-16A9-438C-883C-12A59099C952}.Debug|x86.ActiveCfg = Debug|x86
		{3A224B39-16A9-438C-883C-12A59099C952}.Debug|x86.Build.0 = Debug|x86
		{3A224B39-16A9-438C-883C-12A59099C952}.Release|x86.ActiveCfg = Release|x86
		{3A224B39-16A9-438C-883C-12A59099C952}.Release|x86.Build.0 = Release|x86
		{E59F433D-D9D5-4397-8709-C3D143D866EA}.Debug|x86.ActiveCfg = Debug|x86
		{E59F433D-D9D5-4397-8709-C3D143D866EA}.Release|x86.ActiveCfg = Release|x86
	EndGlobalSection
	GlobalSection(SolutionProperties) = preSolution
		HideSolutionNode = FALSE
	EndGlobalSection
EndGlobal
